
Microsoft Visual Studio Solution File, Format Version 12.00
# Visual Studio Version 16
VisualStudioVersion = 16.0.808.4
MinimumVisualStudioVersion = 10.0.40219.1
Project("{FAE04EC0-301F-11D3-BF4B-00C04F79EFBC}") = "BankApplication", "BankApplication\BankApplication.csproj", "{66F31506-E2EA-4FFB-AD23-5C604D945164}"
EndProject
Project("{FAE04EC0-301F-11D3-BF4B-00C04F79EFBC}") = "BankLibrary", "BankLibrary\BankLibrary.csproj", "{627B29F8-EFA6-4C10-AB87-A0A72F99312F}"
EndProject
Global
	GlobalSection(SolutionConfigurationPlatforms) = preSolution
		Debug|Any CPU = Debug|Any CPU
		Release|Any CPU = Release|Any CPU
	EndGlobalSection
	GlobalSection(ProjectConfigurationPlatforms) = postSolution
		{66F31506-E2EA-4FFB-AD23-5C604D945164}.Debug|Any CPU.ActiveCfg = Debug|Any CPU
		{66F31506-E2EA-4FFB-AD23-5C604D945164}.Debug|Any CPU.Build.0 = Debug|Any CPU
		{66F31506-E2EA-4FFB-AD23-5C604D945164}.Release|Any CPU.ActiveCfg = Release|Any CPU
		{66F31506-E2EA-4FFB-AD23-5C604D945164}.Release|Any CPU.Build.0 = Release|Any CPU
		{627B29F8-EFA6-4C10-AB87-A0A72F99312F}.Debug|Any CPU.ActiveCfg = Debug|Any CPU
		{627B29F8-EFA6-4C10-AB87-A0A72F99312F}.Debug|Any CPU.Build.0 = Debug|Any CPU
		{627B29F8-EFA6-4C10-AB87-A0A72F99312F}.Release|Any CPU.ActiveCfg = Release|Any CPU
		{627B29F8-EFA6-4C10-AB87-A0A72F99312F}.Release|Any CPU.Build.0 = Release|Any CPU
	EndGlobalSection
	GlobalSection(SolutionProperties) = preSolution
		HideSolutionNode = FALSE
	EndGlobalSection
	GlobalSection(ExtensibilityGlobals) = postSolution
		SolutionGuid = {478F4BAF-48B2-4809-B1B5-A080D48FA642}
	EndGlobalSection
EndGlobal
